{
  "name": "@arcsine/node-shell",
  "version": "1.0.5",
  "lockfileVersion": 1,
  "requires": true,
  "dependencies": {
    "@travetto/base": {
      "version": "1.0.0-beta.1",
      "resolved": "https://registry.npmjs.org/@travetto/base/-/base-1.0.0-beta.1.tgz",
      "integrity": "sha512-SXyW+jTxUNhRpAc+S2iAntHSYcIqr1s8Fe/dr6rJoxifzjsUDtiFTGVJjYVddNPO9z80EiGpJ6LbljzKPTs3aQ==",
      "dev": true,
      "requires": {
        "@travetto/boot": "^1.0.0-beta.1"
      }
    },
    "@travetto/boot": {
      "version": "1.0.0-beta.1",
      "resolved": "https://registry.npmjs.org/@travetto/boot/-/boot-1.0.0-beta.1.tgz",
      "integrity": "sha512-UpOU8+3rMamW4V9zxalVBv5yj164+/iT6KBwfbreGPYrwHf0s+k+ONNuX7ger0BsEp5jQ17aMYpuKgCiiMFH/w==",
      "dev": true,
      "requires": {
        "@types/node": "^12.7.1",
        "tslib": "^1.10.0",
        "typescript": "^3.5.3"
      }
    },
    "@travetto/cli": {
      "version": "1.0.0-beta.1",
      "resolved": "https://registry.npmjs.org/@travetto/cli/-/cli-1.0.0-beta.1.tgz",
      "integrity": "sha512-ka0eIyQ/JFjmsdYVoDQWhbmPqlHGzjCrmel5GfBtlUvhBOsSKRXmGXgDO1G4kEvh5zYcNokl7lYGYKoMfiQ4Lw==",
      "dev": true,
      "requires": {
        "@travetto/boot": "^1.0.0-beta.1",
        "commander": "^3.0.0"
      }
    },
    "@travetto/compiler": {
      "version": "1.0.0-beta.2",
      "resolved": "https://registry.npmjs.org/@travetto/compiler/-/compiler-1.0.0-beta.2.tgz",
      "integrity": "sha512-9I3E3FebpDjCiH8tjjm4W5CnWoFlRilWDPsmxpHtZHrbcgGD7sk5wnZpHHmZMbyfQogfJdSirqpMHDbm9zj2hQ==",
      "dev": true,
      "requires": {
        "@travetto/base": "^1.0.0-beta.1",
        "@travetto/config": "^1.0.0-beta.1",
        "@types/source-map-support": "^0.5.0",
        "source-map-support": "^0.5.13"
      }
    },
    "@travetto/config": {
      "version": "1.0.0-beta.2",
      "resolved": "https://registry.npmjs.org/@travetto/config/-/config-1.0.0-beta.2.tgz",
      "integrity": "sha512-6FW3+zUtt26a4IP9rew3ELu2x5wKvePizCepecflXSs5usTthgYLmaWqqWFY/C/j9SGnXIHtQqpMdOL/jigcuw==",
      "dev": true,
      "requires": {
        "@travetto/base": "^1.0.0-beta.1",
        "@travetto/yaml": "^1.0.0-beta.1"
      }
    },
    "@travetto/exec": {
      "version": "1.0.0-beta.1",
      "resolved": "https://registry.npmjs.org/@travetto/exec/-/exec-1.0.0-beta.1.tgz",
      "integrity": "sha512-P+qcOKO/dMPQLCxNjYomOc6maWH7P6DqQJw4tyFN/4fStW/2R9E5deTGMFqJFXG8Q8iSn8ky9NwPaFj0zxVffA==",
      "dev": true,
      "requires": {
        "@travetto/base": "^1.0.0-beta.1"
      }
    },
    "@travetto/registry": {
      "version": "1.0.0-beta.1",
      "resolved": "https://registry.npmjs.org/@travetto/registry/-/registry-1.0.0-beta.1.tgz",
      "integrity": "sha512-pc/PvZcb6B4VF/YVDaXFWMWd8sfjwIMXn6ztxLEXVXkc1kd3dNyqrbkuCjFGmUBleiBG1eR3e5QayqNkPtyKjA==",
      "dev": true,
      "requires": {
        "@travetto/compiler": "^1.0.0-beta.1"
      }
    },
    "@travetto/test": {
      "version": "1.0.0-beta.1",
      "resolved": "https://registry.npmjs.org/@travetto/test/-/test-1.0.0-beta.1.tgz",
      "integrity": "sha512-h5yFRHGxvIH3sDD1cqEmA00IysU9aFN5j1M0+szmPk3gC0TnjtbNX9NUyijzHYsEnE2Ain3URiCgPDUWBi7FTg==",
      "dev": true,
      "requires": {
        "@travetto/registry": "^1.0.0-beta.1",
        "@travetto/worker": "^1.0.0-beta.1",
        "@travetto/yaml": "^1.0.0-beta.1"
      }
    },
    "@travetto/worker": {
      "version": "1.0.0-beta.1",
      "resolved": "https://registry.npmjs.org/@travetto/worker/-/worker-1.0.0-beta.1.tgz",
      "integrity": "sha512-9DwShgUcfTntU3SKr6JM1WM8WUEpGXTd7clqEycPyzD0IkpzSBhapaSy//eQtqFoR9S7ih6+pvloOXMinXYhsg==",
      "dev": true,
      "requires": {
        "@travetto/base": "^1.0.0-beta.1",
        "@travetto/exec": "^1.0.0-beta.1",
        "@types/generic-pool": "^3.1.9",
        "generic-pool": "^3.7.1"
      }
    },
    "@travetto/yaml": {
      "version": "1.0.0-beta.1",
      "resolved": "https://registry.npmjs.org/@travetto/yaml/-/yaml-1.0.0-beta.1.tgz",
      "integrity": "sha512-1K0z1N6eWi3VWn0GJfuNxqLeO0bWgyJG/mmll6ZVatPGfLjI0Idj0fsFFLuu6YOMWKNgNhYDwiAXYE/0oHjLyQ==",
      "dev": true,
      "requires": {
        "@travetto/boot": "^1.0.0-beta.1"
      }
    },
    "@types/generic-pool": {
      "version": "3.1.9",
      "resolved": "https://registry.npmjs.org/@types/generic-pool/-/generic-pool-3.1.9.tgz",
      "integrity": "sha512-IkXMs8fhV6+E4J8EWv8iL7mLvApcLLQUH4m1Rex3KCPRqT+Xya0DDHIeGAokk/6VXe9zg8oTWyr+FGyeuimEYQ==",
      "dev": true,
      "requires": {
        "@types/node": "*"
      }
    },
    "@types/node": {
      "version": "12.12.14",
      "resolved": "https://registry.npmjs.org/@types/node/-/node-12.12.14.tgz",
      "integrity": "sha512-u/SJDyXwuihpwjXy7hOOghagLEV1KdAST6syfnOk6QZAMzZuWZqXy5aYYZbh8Jdpd4escVFP0MvftHNDb9pruA==",
      "dev": true
    },
    "@types/source-map-support": {
      "version": "0.5.0",
      "resolved": "https://registry.npmjs.org/@types/source-map-support/-/source-map-support-0.5.0.tgz",
      "integrity": "sha512-OrnAz5K5dXDgMdeRRoXIjDAvkodQ9ESvVJCyzrhzUJKmCkXgmYx/KLUBcVFe5eS4FiohfcY7YPxsdkmSwJz9wA==",
      "dev": true,
      "requires": {
        "@types/node": "*"
      }
    },
    "buffer-from": {
      "version": "1.1.1",
      "resolved": "https://registry.npmjs.org/buffer-from/-/buffer-from-1.1.1.tgz",
      "integrity": "sha512-MQcXEUbCKtEo7bhqEs6560Hyd4XaovZlO/k9V3hjVUF/zwW7KBVdSK4gIt/bzwS9MbR5qob+F5jusZsb0YQK2A==",
      "dev": true
    },
    "commander": {
      "version": "3.0.2",
      "resolved": "https://registry.npmjs.org/commander/-/commander-3.0.2.tgz",
      "integrity": "sha512-Gar0ASD4BDyKC4hl4DwHqDrmvjoxWKZigVnAbn5H1owvm4CxCPdb0HQDehwNYMJpla5+M2tPmPARzhtYuwpHow==",
      "dev": true
    },
    "generic-pool": {
      "version": "3.7.1",
      "resolved": "https://registry.npmjs.org/generic-pool/-/generic-pool-3.7.1.tgz",
      "integrity": "sha512-ug6DAZoNgWm6q5KhPFA+hzXfBLFQu5sTXxPpv44DmE0A2g+CiHoq9LTVdkXpZMkYVMoGw83F6W+WT0h0MFMK/w==",
      "dev": true
    },
    "source-map": {
      "version": "0.6.1",
      "resolved": "https://registry.npmjs.org/source-map/-/source-map-0.6.1.tgz",
      "integrity": "sha512-UjgapumWlbMhkBgzT7Ykc5YXUT46F0iKu8SGXq0bcwP5dz/h0Plj6enJqjz1Zbq2l5WaqYnrVbwWOWMyF3F47g==",
      "dev": true
    },
    "source-map-support": {
      "version": "0.5.16",
      "resolved": "https://registry.npmjs.org/source-map-support/-/source-map-support-0.5.16.tgz",
      "integrity": "sha512-efyLRJDr68D9hBBNIPWFjhpFzURh+KJykQwvMyW5UiZzYwoF6l4YMMDIJJEyFWxWCqfyxLzz6tSfUFR+kXXsVQ==",
      "dev": true,
      "requires": {
        "buffer-from": "^1.0.0",
        "source-map": "^0.6.0"
      }
    },
    "tslib": {
      "version": "1.10.0",
      "resolved": "https://registry.npmjs.org/tslib/-/tslib-1.10.0.tgz",
      "integrity": "sha512-qOebF53frne81cf0S9B41ByenJ3/IuH8yJKngAX35CmiZySA0khhkovshKK+jGCaMnVomla7gVlIcc3EvKPbTQ==",
      "dev": true
    },
    "typescript": {
      "version": "3.7.3",
      "resolved": "https://registry.npmjs.org/typescript/-/typescript-3.7.3.tgz",
      "integrity": "sha512-Mcr/Qk7hXqFBXMN7p7Lusj1ktCBydylfQM/FZCk5glCNQJrCUKPkMHdo9R0MTFWsC/4kPFvDS0fDPvukfCkFsw==",
      "dev": true
    }
  }
}
